
Microsoft Visual Studio Solution File, Format Version 12.00
# Visual Studio Version 18
VisualStudioVersion = 18.6.11819.183 stable
MinimumVisualStudioVersion = 10.0.40219.1
Project("{FAE04EC0-301F-11D3-BF4B-00C04F79EFBC}") = "RevitSheetExporter", "RevitSheetExporter.csproj", "{8B260B39-87B2-0C44-1CF6-4520DDF0B866}"
EndProject
Global
	GlobalSection(SolutionConfigurationPlatforms) = preSolution
		Debug|Any CPU = Debug|Any CPU
		Debug2027|Any CPU = Debug2027|Any CPU
		Release|Any CPU = Release|Any CPU
		Release2027|Any CPU = Release2027|Any CPU
	EndGlobalSection
	GlobalSection(ProjectConfigurationPlatforms) = postSolution
		{8B260B39-87B2-0C44-1CF6-4520DDF0B866}.Debug|Any CPU.ActiveCfg = Debug|Any CPU
		{8B260B39-87B2-0C44-1CF6-4520DDF0B866}.Debug|Any CPU.Build.0 = Debug|Any CPU
		{8B260B39-87B2-0C44-1CF6-4520DDF0B866}.Debug2027|Any CPU.ActiveCfg = Debug2027|Any CPU
		{8B260B39-87B2-0C44-1CF6-4520DDF0B866}.Debug2027|Any CPU.Build.0 = Debug2027|Any CPU
		{8B260B39-87B2-0C44-1CF6-4520DDF0B866}.Release|Any CPU.ActiveCfg = Release|Any CPU
		{8B260B39-87B2-0C44-1CF6-4520DDF0B866}.Release|Any CPU.Build.0 = Release|Any CPU
		{8B260B39-87B2-0C44-1CF6-4520DDF0B866}.Release2027|Any CPU.ActiveCfg = Release2027|Any CPU
		{8B260B39-87B2-0C44-1CF6-4520DDF0B866}.Release2027|Any CPU.Build.0 = Release2027|Any CPU
	EndGlobalSection
	GlobalSection(SolutionProperties) = preSolution
		HideSolutionNode = FALSE
	EndGlobalSection
	GlobalSection(ExtensibilityGlobals) = postSolution
		SolutionGuid = {D8A8C01A-F68B-4AF0-99BD-AE5CC9898B13}
	EndGlobalSection
EndGlobal
